# Generated by conda-lock.
# platform: linux-64
# input_hash: 2faac11c00c55892865b4b87d3b83da4ae83fe718a870f74898a8b3d09c9cdfd
@EXPLICIT
https://conda.anaconda.org/conda-forge/linux-64/_libgcc_mutex-0.1-conda_forge.tar.bz2#d7c89558ba9fa0495403155b64376d81
https://conda.anaconda.org/conda-forge/linux-64/ca-certificates-2022.12.7-ha878542_0.conda#ff9f73d45c4a07d6f424495288a26080
https://conda.anaconda.org/conda-forge/noarch/kernel-headers_linux-64-2.6.32-he073ed8_15.tar.bz2#5dd5127afd710f91f6a75821bac0a4f0
https://conda.anaconda.org/conda-forge/linux-64/ld_impl_linux-64-2.39-hcc3a1bd_1.conda#737be0d34c22d24432049ab7a3214de4
https://conda.anaconda.org/conda-forge/linux-64/libgcc-devel_linux-64-12.2.0-h3b97bd3_19.tar.bz2#199a7292b1d3535376ecf7670c231d1f
https://conda.anaconda.org/conda-forge/linux-64/libgfortran-3.0.0-1.tar.bz2#d7c7e92a8ccc518709474dd3eda896b9
https://conda.anaconda.org/conda-forge/linux-64/libgfortran4-7.5.0-h14aa051_20.tar.bz2#a072eab836c3a9578ce72b5640ce592d
https://conda.anaconda.org/conda-forge/linux-64/libstdcxx-devel_linux-64-12.2.0-h3b97bd3_19.tar.bz2#277d373b57791ee71cafc3c5bfcf0641
https://conda.anaconda.org/conda-forge/linux-64/libstdcxx-ng-12.2.0-h46fd767_19.tar.bz2#1030b1f38c129f2634eae026f704fe60
https://conda.anaconda.org/conda-forge/linux-64/libgfortran-ng-7.5.0-h14aa051_20.tar.bz2#c3b2ad091c043c08689e64b10741484b
https://conda.anaconda.org/conda-forge/linux-64/libgomp-12.2.0-h65d4601_19.tar.bz2#cedcee7c064c01c403f962c9e8d3c373
https://conda.anaconda.org/conda-forge/linux-64/openblas-0.2.20-8.tar.bz2#d27f371416215c4169d5c7766da479c9
https://conda.anaconda.org/conda-forge/noarch/sysroot_linux-64-2.12-he073ed8_15.tar.bz2#66c192522eacf5bb763568b4e415d133
https://conda.anaconda.org/conda-forge/linux-64/_openmp_mutex-4.5-2_gnu.tar.bz2#73aaf86a425cc6e73fcf236a5a46396d
https://conda.anaconda.org/conda-forge/linux-64/binutils_impl_linux-64-2.39-he00db2b_1.conda#3d726e8b51a1f5bfd66892a2b7d9db2d
https://conda.anaconda.org/conda-forge/linux-64/blas-1.1-openblas.tar.bz2#c259e7a3ea775c6dcba191072cab3adb
https://conda.anaconda.org/conda-forge/linux-64/binutils_linux-64-2.39-h5fc0e48_13.conda#7f25a524665e4e2f8a5f86522f8d0e31
https://conda.anaconda.org/conda-forge/linux-64/libgcc-ng-12.2.0-h65d4601_19.tar.bz2#e4c94f80aef025c17ab0828cd85ef535
https://conda.anaconda.org/conda-forge/linux-64/bzip2-1.0.8-h7f98852_4.tar.bz2#a1fd65c7ccbf10880423d82bca54eb54
https://conda.anaconda.org/conda-forge/linux-64/gettext-0.21.1-h27087fc_0.tar.bz2#14947d8770185e5153fdd04d4673ed37
https://conda.anaconda.org/conda-forge/linux-64/gmp-6.2.1-h58526e2_0.tar.bz2#b94cf2db16066b242ebd26db2facbd56
https://conda.anaconda.org/conda-forge/linux-64/icu-58.2-hf484d3e_1000.tar.bz2#3749214646d41293022b45ce51386141
https://conda.anaconda.org/conda-forge/linux-64/jpeg-9e-h0b41bf4_3.conda#c7a069243e1fbe9a556ed2ec030e6407
https://conda.anaconda.org/conda-forge/linux-64/libexpat-2.5.0-hcb278e6_1.conda#6305a3dd2752c76335295da4e581f2fd
https://conda.anaconda.org/conda-forge/linux-64/libffi-3.4.2-h7f98852_5.tar.bz2#d645c6d2ac96843a2bfaccd2d62b3ac3
https://conda.anaconda.org/conda-forge/linux-64/libiconv-1.17-h166bdaf_0.tar.bz2#b62b52da46c39ee2bc3c162ac7f1804d
https://conda.anaconda.org/conda-forge/linux-64/libnsl-2.0.0-h7f98852_0.tar.bz2#39b1328babf85c7c3a61636d9cd50206
https://repo.anaconda.com/pkgs/main/linux-64/libopenblas-0.3.18-hf726d26_0.conda#10422bb3b9b022e27798fc368cda69ba
https://conda.anaconda.org/conda-forge/linux-64/libsanitizer-12.2.0-h46fd767_19.tar.bz2#80d0e00150401e9c06a055f36e8e73f2
https://conda.anaconda.org/conda-forge/linux-64/libuuid-2.38.1-h0b41bf4_0.conda#40b61aab5c7ba9ff276c41cfffe6b80b
https://conda.anaconda.org/conda-forge/linux-64/libzlib-1.2.13-h166bdaf_4.tar.bz2#f3f9de449d32ca9b9c66a22863c96f41
https://conda.anaconda.org/conda-forge/linux-64/ncurses-6.3-h27087fc_1.tar.bz2#4acfc691e64342b9dae57cf2adc63238
https://conda.anaconda.org/conda-forge/linux-64/openssl-1.1.1t-h0b41bf4_0.conda#a35dc66c4cee8c4399507d14cf1501b1
https://conda.anaconda.org/conda-forge/linux-64/pthread-stubs-0.4-h36c2ea0_1001.tar.bz2#22dad4df6e8630e8dff2428f6f6a7036
https://conda.anaconda.org/conda-forge/linux-64/xorg-libxau-1.0.9-h7f98852_0.tar.bz2#bf6f803a544f26ebbdc3bfff272eb179
https://conda.anaconda.org/conda-forge/linux-64/xorg-libxdmcp-1.1.3-h7f98852_0.tar.bz2#be93aabceefa2fac576e971aef407908
https://conda.anaconda.org/conda-forge/linux-64/xz-5.2.6-h166bdaf_0.tar.bz2#2161070d867d1b1204ea749c8eec4ef0
https://conda.anaconda.org/conda-forge/linux-64/expat-2.5.0-hcb278e6_1.conda#8b9b5aca60558d02ddaa09d599e55920
https://conda.anaconda.org/conda-forge/linux-64/gcc_impl_linux-64-12.2.0-hcc96c02_19.tar.bz2#bb48ea333c8e6dcc159a1575f04d869e
https://conda.anaconda.org/conda-forge/linux-64/libblas-3.9.0-13_linux64_openblas.tar.bz2#8a4038563ed92dfa622bd72c0d8f31d3
https://conda.anaconda.org/conda-forge/linux-64/libpng-1.6.39-h753d276_0.conda#e1c890aebdebbfbf87e2c917187b4416
https://conda.anaconda.org/conda-forge/linux-64/libsqlite-3.40.0-h753d276_1.conda#32565f92ca100184c67509d1d91c858a
https://conda.anaconda.org/conda-forge/linux-64/libxcb-1.15-h0b41bf4_0.conda#33277193f5b92bad9fdd230eb700929c
https://conda.anaconda.org/conda-forge/linux-64/mpfr-4.2.0-hb012696_0.conda#14d87bdff2cbd3b1179a29fb316ed743
https://conda.anaconda.org/conda-forge/linux-64/pcre2-10.40-hc3806b6_0.tar.bz2#69e2c796349cd9b273890bee0febfe1b
https://conda.anaconda.org/conda-forge/linux-64/readline-8.2-h8228510_1.conda#47d31b792659ce70f470b5c82fdfb7a4
https://conda.anaconda.org/conda-forge/linux-64/tk-8.6.12-h27826a3_0.tar.bz2#5b8c42eb62e9fc961af70bdd6a26e168
https://conda.anaconda.org/conda-forge/linux-64/zlib-1.2.13-h166bdaf_4.tar.bz2#4b11e365c0275b808be78b30f904e295
https://conda.anaconda.org/conda-forge/linux-64/freetype-2.12.1-hca18f0e_1.conda#e1232042de76d24539a436d37597eb06
https://conda.anaconda.org/conda-forge/linux-64/gcc_linux-64-12.2.0-h4798a0e_13.conda#1d009211292e0d869a31f3bc5b4ee78b
https://conda.anaconda.org/conda-forge/linux-64/gxx_impl_linux-64-12.2.0-hcc96c02_19.tar.bz2#698aae34e4f5e0ea8eac0d529c8f20b6
https://conda.anaconda.org/conda-forge/linux-64/libcblas-3.9.0-13_linux64_openblas.tar.bz2#b17676dbd6688396c3a3076259fb7907
https://conda.anaconda.org/conda-forge/linux-64/libglib-2.76.2-hebfc3b9_0.conda#db1d4a1dfc04f3eab50d97551850759a
https://conda.anaconda.org/conda-forge/linux-64/liblapack-3.9.0-13_linux64_openblas.tar.bz2#018b80e8f21d8560ae4961567e3e00c9
https://conda.anaconda.org/conda-forge/linux-64/libxml2-2.9.9-h13577e0_2.tar.bz2#083a2da17cdca5e6f2bdc9d05a189baf
https://conda.anaconda.org/conda-forge/linux-64/mpc-1.3.1-hfe3b2da_0.conda#289c71e83dc0daa7d4c81f04180778ca
https://conda.anaconda.org/conda-forge/linux-64/sqlite-3.40.0-h4ff8645_1.conda#a5cec05bd9e0a5843fa29de9591b93cb
https://conda.anaconda.org/conda-forge/linux-64/dbus-1.13.6-h5008d03_3.tar.bz2#ecfff944ba3960ecb334b9a2663d708d
https://conda.anaconda.org/conda-forge/linux-64/fontconfig-2.14.2-h14ed4e7_0.conda#0f69b688f52ff6da70bccb7ff7001d1d
https://conda.anaconda.org/conda-forge/linux-64/glib-tools-2.76.2-hfc55251_0.conda#7147b242b00aff73d95259ff318d14a0
https://conda.anaconda.org/conda-forge/linux-64/gsl-2.7-he838d99_0.tar.bz2#fec079ba39c9cca093bf4c00001825de
https://conda.anaconda.org/conda-forge/linux-64/gxx_linux-64-12.2.0-hb41e900_13.conda#cf45659115653fc80623116ccd0a6ae2
https://conda.anaconda.org/conda-forge/linux-64/python-3.6.15-hb7a2778_0_cpython.tar.bz2#2263dbd2d8116aa8dd974602faabb1a2
https://conda.anaconda.org/conda-forge/noarch/cycler-0.11.0-pyhd8ed1ab_0.tar.bz2#a50559fad0affdbb33729a68669ca1cb
https://conda.anaconda.org/conda-forge/linux-64/glib-2.76.2-hfc55251_0.conda#00c19ae01a69fb4e1a3fb3e83094dedf
https://conda.anaconda.org/conda-forge/noarch/mpmath-1.3.0-pyhd8ed1ab_0.conda#dbf6e2d89137da32fa6670f3bffc024e
https://conda.anaconda.org/conda-forge/linux-64/numpy-1.15.4-py36h8b7e671_1002.tar.bz2#6bb5f06ef7252f6dca50ad02b565264a
https://conda.anaconda.org/conda-forge/noarch/pyparsing-3.0.9-pyhd8ed1ab_0.tar.bz2#e8fbc1b54b25f4b08281467bc13b70cc
https://conda.anaconda.org/conda-forge/linux-64/python_abi-3.6-2_cp36m.tar.bz2#6f5b92d833a339da29ad8578c2a648ad
https://conda.anaconda.org/conda-forge/noarch/pytz-2023.3-pyhd8ed1ab_0.conda#d3076b483092a435832603243567bc31
https://conda.anaconda.org/conda-forge/linux-64/sip-4.19.8-py36hf484d3e_1000.tar.bz2#990d1d8ee6913f814b76872f74f011a0
https://conda.anaconda.org/conda-forge/noarch/six-1.16.0-pyh6c4a22f_0.tar.bz2#e5f25f8dbc060e9a8d912e432202afc2
https://conda.anaconda.org/conda-forge/linux-64/cython-0.29.24-py36hc4f0c31_0.tar.bz2#38f07b91c21714cd0dda32a52922a0c6
https://conda.anaconda.org/conda-forge/linux-64/gmpy2-2.1.0b5-py36h3f4d9dc_0.tar.bz2#abe1842aea641d9df1e95970756c7030
https://repo.anaconda.com/pkgs/main/linux-64/gstreamer-1.14.1-h5eee18b_1.conda#f2f26e6f869b5d87f41bd059fae47c3e
https://conda.anaconda.org/conda-forge/linux-64/kiwisolver-1.3.1-py36h605e78d_1.tar.bz2#a92afbf92c5416585457e5de5c3d98c7
https://conda.anaconda.org/conda-forge/linux-64/markupsafe-2.0.1-py36h8f6f2f9_0.tar.bz2#e450eb239eb68d0467b1c6d0fef28ae9
https://conda.anaconda.org/conda-forge/noarch/python-dateutil-2.8.2-pyhd8ed1ab_0.tar.bz2#dd999d1cc9f79e67dbb855c8924c7984
https://repo.anaconda.com/pkgs/main/linux-64/scipy-1.2.0-py36he2b7bc3_0.conda#8fb41d5f28618a98ac59d507fc7eeae3
https://conda.anaconda.org/conda-forge/linux-64/setuptools-58.0.4-py36h5fab9bb_2.tar.bz2#d584b24af029d1fc78b6a0d2cc294d40
https://conda.anaconda.org/conda-forge/linux-64/tornado-6.1-py36h8f6f2f9_1.tar.bz2#3d19680e14cb7cf6f383ba1fd3a72f2c
https://repo.anaconda.com/pkgs/main/linux-64/gst-plugins-base-1.14.1-h6a678d5_1.conda#afd9cbe949d670d24cc0a007aaec1fe1
https://conda.anaconda.org/conda-forge/noarch/jinja2-3.0.3-pyhd8ed1ab_0.tar.bz2#036d872c653780cb26e797e2e2f61b4c
https://conda.anaconda.org/conda-forge/linux-64/matplotlib-base-3.0.2-py36h167e16e_1002.tar.bz2#57f35af79c7ce0c402fc256129c1aeec
https://conda.anaconda.org/conda-forge/linux-64/pandas-0.24.1-py36hf484d3e_0.tar.bz2#39a9a76a7f8b1a0e8fef1732cde2d582
https://conda.anaconda.org/conda-forge/linux-64/scikit-learn-0.19.2-py36_blas_openblasha84fab4_201.tar.bz2#70146d3d11a55031ed4349b12d78d175
https://conda.anaconda.org/conda-forge/linux-64/sympy-1.8-py36h5fab9bb_0.tar.bz2#081791b3cb419f7563cada4b84cc0e29
https://conda.anaconda.org/conda-forge/linux-64/brian2-2.2.1-py36h6bb024c_1000.tar.bz2#2c543383e5bcac3af3f18c63a0568838
https://repo.anaconda.com/pkgs/main/linux-64/qt-5.9.7-h5867ecd_1.conda#05507dbc35c46ac5a7066fc860a62341
https://conda.anaconda.org/conda-forge/linux-64/pyqt-5.9.2-py36hcca6a23_4.tar.bz2#fea3bdbac2f20e19b5a75075c92bbd51
https://conda.anaconda.org/conda-forge/linux-64/matplotlib-3.0.2-py36_1002.tar.bz2#55964aab333e77eeeb39e48d2cc1b203
