# Generated by conda-lock.
# platform: osx-64
# input_hash: 7545b05b80dcb49f5cfafbfbe7917a8c155cb411c26e4fe86e06157b73e6761b
@EXPLICIT
https://conda.anaconda.org/conda-forge/osx-64/ca-certificates-2022.12.7-h033912b_0.conda#af2bdcd68f16ce030ca957cdeb83d88a
https://conda.anaconda.org/conda-forge/osx-64/icu-72.1-h7336db1_0.conda#c9689510a50a4bb2ae978421671a125e
https://conda.anaconda.org/conda-forge/osx-64/jpeg-9e-hb7f2c08_3.conda#6b55131ae9445ef38746dc6b080acda9
https://conda.anaconda.org/conda-forge/osx-64/libbrotlicommon-1.0.9-hb7f2c08_8.tar.bz2#37157d273eaf3bc7d6862104161d9ec9
https://conda.anaconda.org/conda-forge/osx-64/libcxx-16.0.2-hd57cbcb_0.conda#115c699171430d88dd8b7444fe086bbf
https://conda.anaconda.org/conda-forge/osx-64/libdeflate-1.14-hb7f2c08_0.tar.bz2#ce2a6075114c9b64ad8cace52492feee
https://conda.anaconda.org/conda-forge/osx-64/libffi-3.4.2-h0d85af4_5.tar.bz2#ccb34fb14960ad8b125962d3d79b31a9
https://conda.anaconda.org/conda-forge/osx-64/libiconv-1.17-hac89ed1_0.tar.bz2#691d103d11180486154af49c037b7ed9
https://conda.anaconda.org/conda-forge/osx-64/libwebp-base-1.3.0-hb7f2c08_0.conda#18981e4c840126d6118d8952485fea51
https://conda.anaconda.org/conda-forge/osx-64/libzlib-1.2.13-hfd90126_4.tar.bz2#35eb3fce8d51ed3c1fd4122bad48250b
https://conda.anaconda.org/conda-forge/osx-64/llvm-openmp-16.0.3-hff08bdf_0.conda#4493294698b915041f100126923769e3
https://conda.anaconda.org/conda-forge/osx-64/ncurses-6.3-h96cf925_1.tar.bz2#76217ebfbb163ff2770a261f955a5861
https://conda.anaconda.org/conda-forge/osx-64/pthread-stubs-0.4-hc929b4f_1001.tar.bz2#addd19059de62181cd11ae8f4ef26084
https://conda.anaconda.org/conda-forge/osx-64/python_abi-3.7-3_cp37m.conda#b841c17b234011b40c24f7c835db7c4e
https://conda.anaconda.org/conda-forge/osx-64/xorg-libxau-1.0.9-h35c211d_0.tar.bz2#c5049997b2e98edfbcdd294582f66281
https://conda.anaconda.org/conda-forge/osx-64/xorg-libxdmcp-1.1.3-h35c211d_0.tar.bz2#86ac76d6bf1cbb9621943eb3bd9ae36e
https://conda.anaconda.org/conda-forge/osx-64/xz-5.2.6-h775f41a_0.tar.bz2#a72f9d4ea13d55d745ff1ed594747f10
https://conda.anaconda.org/conda-forge/osx-64/gmp-6.2.1-h2e338ed_0.tar.bz2#dedc96914428dae572a39e69ee2a392f
https://conda.anaconda.org/conda-forge/osx-64/lerc-4.0.0-hb486fe8_0.tar.bz2#f9d6a4c82889d5ecedec1d90eb673c55
https://conda.anaconda.org/conda-forge/osx-64/libbrotlidec-1.0.9-hb7f2c08_8.tar.bz2#7f952a036d9014b4dab96c6ea0f8c2a7
https://conda.anaconda.org/conda-forge/osx-64/libbrotlienc-1.0.9-hb7f2c08_8.tar.bz2#b36a3bfe866d9127f25f286506982166
https://conda.anaconda.org/conda-forge/osx-64/libgfortran5-12.2.0-he409387_31.conda#5a544130e584b1f204ac896ff071d5b3
https://conda.anaconda.org/conda-forge/osx-64/libpng-1.6.39-ha978bb4_0.conda#35e4928794c5391aec14ffdf1deaaee5
https://conda.anaconda.org/conda-forge/osx-64/libsqlite-3.40.0-ha978bb4_1.conda#3fe0656cc909897be258fb2aa33537b7
https://conda.anaconda.org/conda-forge/osx-64/libxcb-1.13-h0d85af4_1004.tar.bz2#eb7860935e14aec936065cbc21a1a962
https://conda.anaconda.org/conda-forge/osx-64/libxml2-2.10.4-h554bb67_0.conda#003fef825b16c26c44d97e115bf8840e
https://conda.anaconda.org/conda-forge/osx-64/openssl-3.1.0-h8a1eda9_3.conda#3761d72a2a68de6fd1c0a2d038864785
https://conda.anaconda.org/conda-forge/osx-64/readline-8.2-h9e318b2_1.conda#f17f77f2acf4d344734bda76829ce14e
https://conda.anaconda.org/conda-forge/osx-64/tapi-1100.0.11-h9ce4665_0.tar.bz2#f9ff42ccf809a21ba6f8607f8de36108
https://conda.anaconda.org/conda-forge/osx-64/tk-8.6.12-h5dbffcc_0.tar.bz2#8e9480d9c47061db2ed1b4ecce519a7f
https://conda.anaconda.org/conda-forge/osx-64/zstd-1.5.2-hbc0c0cd_6.conda#40a188783d3c425bdccc9ae9104acbb8
https://conda.anaconda.org/conda-forge/osx-64/brotli-bin-1.0.9-hb7f2c08_8.tar.bz2#aac5ad0d8f747ef7f871508146df75d9
https://conda.anaconda.org/conda-forge/osx-64/freetype-2.12.1-h3f81eb7_1.conda#852224ea3e8991a8342228eab274840e
https://conda.anaconda.org/conda-forge/osx-64/libgfortran-5.0.0-11_3_0_h97931a8_31.conda#97451338600bd9c5b535eb224ef6c471
https://conda.anaconda.org/conda-forge/osx-64/libllvm16-16.0.2-hf646ca0_0.conda#85694817b7eaa8f7d2ab62932ae4bf05
https://conda.anaconda.org/conda-forge/osx-64/libtiff-4.4.0-h6268bbc_5.conda#551fc78ba147767ea5905d0746e2fbb5
https://conda.anaconda.org/conda-forge/osx-64/mpfr-4.2.0-h4f9bd69_0.conda#f48a2f4515be334c5cfeed82517b96e0
https://conda.anaconda.org/conda-forge/osx-64/sigtool-0.1.3-h88f4db0_0.tar.bz2#fbfb84b9de9a6939cb165c02c69b1865
https://conda.anaconda.org/conda-forge/osx-64/sqlite-3.40.0-h9ae0607_1.conda#d842792771ff547478b63f596af17645
https://conda.anaconda.org/conda-forge/osx-64/brotli-1.0.9-hb7f2c08_8.tar.bz2#55f612fe4a9b5f6ac76348b6de94aaeb
https://conda.anaconda.org/conda-forge/osx-64/lcms2-2.14-h90f4b2a_0.tar.bz2#e56c432e9a78c63692fa6bd076a15713
https://conda.anaconda.org/conda-forge/osx-64/ld64_osx-64-609-hbfe4790_13.conda#db5b18302e29e823656f2a7a69df7bd9
https://conda.anaconda.org/conda-forge/osx-64/libclang-cpp16-16.0.2-default_h43f3e7d_0.conda#fc6b369ecb3bf9be447781e3097f3e6d
https://conda.anaconda.org/conda-forge/osx-64/libopenblas-0.3.21-openmp_h429af6e_3.tar.bz2#968c46aa7f4032c3f3873f3452ed4c34
https://conda.anaconda.org/conda-forge/osx-64/llvm-tools-16.0.2-hf646ca0_0.conda#3abc1e5dd02bdf9829aff0cd52bd38c3
https://conda.anaconda.org/conda-forge/osx-64/mpc-1.3.1-h81bd1dd_0.conda#c752c0eb6c250919559172c011e5f65b
https://conda.anaconda.org/conda-forge/osx-64/openjpeg-2.5.0-h5d0d7b0_1.tar.bz2#be533cc782981a0ec5eed28aa618470a
https://conda.anaconda.org/conda-forge/osx-64/python-3.7.12-hf3644f1_100_cpython.tar.bz2#535981b387b6ca0396b31ae9add5d995
https://conda.anaconda.org/conda-forge/osx-64/cctools_osx-64-973.0.1-h5676edf_13.conda#86fa34ad281d649490b616b7026e8f7e
https://conda.anaconda.org/conda-forge/noarch/certifi-2022.12.7-pyhd8ed1ab_0.conda#fb9addc3db06e56abe03e0e9f21a63e6
https://conda.anaconda.org/conda-forge/osx-64/clang-16-16.0.2-default_h43f3e7d_0.conda#e3eee0394f409d94696a86ee20a5f471
https://conda.anaconda.org/conda-forge/noarch/cycler-0.11.0-pyhd8ed1ab_0.tar.bz2#a50559fad0affdbb33729a68669ca1cb
https://conda.anaconda.org/conda-forge/osx-64/cython-0.29.32-py37hc568d09_0.tar.bz2#284077f94e52d2e774fad862b7ca6ef9
https://conda.anaconda.org/conda-forge/osx-64/gmpy2-2.1.2-py37h60f582e_0.tar.bz2#8ec15b850a299efde9076f665a4387ec
https://conda.anaconda.org/conda-forge/osx-64/libblas-3.9.0-16_osx64_openblas.tar.bz2#644d63e9379867490b67bace400b2a0f
https://conda.anaconda.org/conda-forge/osx-64/markupsafe-2.1.1-py37h69ee0a8_1.tar.bz2#fb1add67c68e4cc5110aad36fcd14179
https://conda.anaconda.org/conda-forge/noarch/mpmath-1.3.0-pyhd8ed1ab_0.conda#dbf6e2d89137da32fa6670f3bffc024e
https://conda.anaconda.org/conda-forge/noarch/munkres-1.1.4-pyh9f0ad1d_0.tar.bz2#2ba8498c1018c1e9c61eb99b973dfe19
https://conda.anaconda.org/conda-forge/noarch/packaging-23.1-pyhd8ed1ab_0.conda#91cda59e66e1e4afe9476f8ef98f5c30
https://conda.anaconda.org/conda-forge/osx-64/pillow-9.2.0-py37ha6ba2b9_2.tar.bz2#4be8072ef4253ba54dc03fd4489b0062
https://conda.anaconda.org/conda-forge/noarch/pyparsing-3.0.9-pyhd8ed1ab_0.tar.bz2#e8fbc1b54b25f4b08281467bc13b70cc
https://conda.anaconda.org/conda-forge/noarch/pytz-2023.3-pyhd8ed1ab_0.conda#d3076b483092a435832603243567bc31
https://conda.anaconda.org/conda-forge/osx-64/setuptools-59.8.0-py37hf985489_1.tar.bz2#f805359f82917bc580a375583e367bb1
https://conda.anaconda.org/conda-forge/noarch/six-1.16.0-pyh6c4a22f_0.tar.bz2#e5f25f8dbc060e9a8d912e432202afc2
https://conda.anaconda.org/conda-forge/noarch/threadpoolctl-3.1.0-pyh8a188c0_0.tar.bz2#a2995ee828f65687ac5b1e71a2ab1e0c
https://conda.anaconda.org/conda-forge/osx-64/tornado-6.2-py37h994c40b_0.tar.bz2#c3332b56d4d2fdb61c6b1319fce87dcc
https://conda.anaconda.org/conda-forge/noarch/typing_extensions-4.5.0-pyha770c72_0.conda#43e7d9e50261fb11deb76e17d8431aac
https://conda.anaconda.org/conda-forge/osx-64/unicodedata2-14.0.0-py37h69ee0a8_1.tar.bz2#6fa8991e99659fe1705bcdcf98b4837d
https://conda.anaconda.org/conda-forge/osx-64/clang-16.0.2-hb5d918a_0.conda#81fd5a84ae1504e61b1fa60e1bf80046
https://conda.anaconda.org/conda-forge/osx-64/fonttools-4.38.0-py37h8052db5_0.tar.bz2#6ae74c302be2ed90eae8f8f8f9b4f4eb
https://conda.anaconda.org/conda-forge/noarch/jinja2-3.1.2-pyhd8ed1ab_1.tar.bz2#c8490ed5c70966d232fdd389d0dbed37
https://conda.anaconda.org/conda-forge/noarch/joblib-1.2.0-pyhd8ed1ab_0.tar.bz2#7583652522d71ad78ba536bba06940eb
https://conda.anaconda.org/conda-forge/osx-64/libcblas-3.9.0-16_osx64_openblas.tar.bz2#28592eab0f05bcf9969789e87f754e11
https://conda.anaconda.org/conda-forge/osx-64/liblapack-3.9.0-16_osx64_openblas.tar.bz2#406ad426aade5578b90544cc2ed4a79b
https://conda.anaconda.org/conda-forge/noarch/python-dateutil-2.8.2-pyhd8ed1ab_0.tar.bz2#dd999d1cc9f79e67dbb855c8924c7984
https://conda.anaconda.org/conda-forge/osx-64/sympy-1.10.1-py37hf985489_1.tar.bz2#880f7d2f883fb72abdbdb5d49689c489
https://conda.anaconda.org/conda-forge/noarch/typing-extensions-4.5.0-hd8ed1ab_0.conda#b3c594fde1a80a1fc3eb9cc4a5dfe392
https://conda.anaconda.org/conda-forge/osx-64/clangxx-16.0.2-default_h43f3e7d_0.conda#ff98a3093afd94a8b9d819b92d3f634f
https://conda.anaconda.org/conda-forge/osx-64/gsl-2.7-h93259b0_0.tar.bz2#b4942b1ee2a52fd67f446074488d774d
https://conda.anaconda.org/conda-forge/osx-64/kiwisolver-1.4.4-py37h229a17a_0.tar.bz2#542ec4f3e23b103f9fcafb9ab26e859c
https://conda.anaconda.org/conda-forge/osx-64/numpy-1.21.6-py37h345d48f_0.tar.bz2#2aaa4d38d44a9a69f64bf757a5531165
https://conda.anaconda.org/conda-forge/noarch/compiler-rt_osx-64-16.0.2-he1888fc_0.conda#fea602dc2249f17c70a996cf007a51db
https://conda.anaconda.org/conda-forge/osx-64/matplotlib-base-3.5.3-py37h3748cd6_2.tar.bz2#ad309097b34ab82b42bc8eac0668d226
https://conda.anaconda.org/conda-forge/osx-64/pandas-1.3.5-py37h5b83a90_0.tar.bz2#f5b03c55f0d4bd06495b726ed574412c
https://conda.anaconda.org/conda-forge/osx-64/scipy-1.7.3-py37h4e3cf02_0.tar.bz2#e0a33e15732767448c6ddf0458b09e3e
https://conda.anaconda.org/conda-forge/osx-64/compiler-rt-16.0.2-he1888fc_0.conda#93a89f2406c01e81db213fd5a371f6f0
https://conda.anaconda.org/conda-forge/osx-64/matplotlib-3.5.3-py37hf985489_2.tar.bz2#3c60e485ddbe89ddd5635da415e3df54
https://conda.anaconda.org/conda-forge/osx-64/scikit-learn-1.0.2-py37h572704e_0.tar.bz2#798c014197113c421e3b7df54434f4a1
https://conda.anaconda.org/conda-forge/osx-64/clang_osx-64-16.0.2-ha94c57a_1.conda#4d18723cf649d13b1210b7fb99ecb871
https://conda.anaconda.org/conda-forge/osx-64/clangxx_osx-64-16.0.2-h61a59a7_1.conda#386fcce37a22dde5297f3f8f77f1da55
https://conda.anaconda.org/conda-forge/osx-64/brian2-2.2.1-py37h04f5b5a_1000.tar.bz2#ec37269db5e7011458331fc3127b827a
